// !$*UTF8*$!
{
	archiveVersion = 1;
	classes = {
	};
	objectVersion = 46;
	objects = {

/* Begin PBXBuildFile section */
		23B49F4F09DDA2AEEFA3561C /* libPods-Tuple-V2.a in Frameworks */ = {isa = PBXBuildFile; fileRef = 0B3880835A6C3EAFBCDA34D9 /* libPods-Tuple-V2.a */; };
		84EC59401AFBFD96001FEAD4 /* main.m in Sources */ = {isa = PBXBuildFile; fileRef = 84EC593F1AFBFD96001FEAD4 /* main.m */; };
		84EC59431AFBFD96001FEAD4 /* AppDelegate.m in Sources */ = {isa = PBXBuildFile; fileRef = 84EC59421AFBFD96001FEAD4 /* AppDelegate.m */; };
		84EC594B1AFBFD96001FEAD4 /* Images.xcassets in Resources */ = {isa = PBXBuildFile; fileRef = 84EC594A1AFBFD96001FEAD4 /* Images.xcassets */; };
		84EC595A1AFBFD97001FEAD4 /* Tuple_V2Tests.m in Sources */ = {isa = PBXBuildFile; fileRef = 84EC59591AFBFD97001FEAD4 /* Tuple_V2Tests.m */; };
		84EC59661AFBFE9C001FEAD4 /* IntroViewController.m in Sources */ = {isa = PBXBuildFile; fileRef = 84EC59641AFBFE9C001FEAD4 /* IntroViewController.m */; };
		84EC59671AFBFE9C001FEAD4 /* IntroViewController.xib in Resources */ = {isa = PBXBuildFile; fileRef = 84EC59651AFBFE9C001FEAD4 /* IntroViewController.xib */; };
		84EC596B1AFC01E7001FEAD4 /* CreateEventViewController.m in Sources */ = {isa = PBXBuildFile; fileRef = 84EC59691AFC01E7001FEAD4 /* CreateEventViewController.m */; };
		84EC596C1AFC01E7001FEAD4 /* CreateEventViewController.xib in Resources */ = {isa = PBXBuildFile; fileRef = 84EC596A1AFC01E7001FEAD4 /* CreateEventViewController.xib */; };
		84EC59731AFC08AA001FEAD4 /* EventFeedViewController.m in Sources */ = {isa = PBXBuildFile; fileRef = 84EC59711AFC08AA001FEAD4 /* EventFeedViewController.m */; };
		84EC59741AFC08AA001FEAD4 /* EventFeedViewController.xib in Resources */ = {isa = PBXBuildFile; fileRef = 84EC59721AFC08AA001FEAD4 /* EventFeedViewController.xib */; };
		84EC59791AFC0E35001FEAD4 /* EventTableViewCell.m in Sources */ = {isa = PBXBuildFile; fileRef = 84EC59771AFC0E35001FEAD4 /* EventTableViewCell.m */; };
		84EC597A1AFC0E35001FEAD4 /* EventTableViewCell.xib in Resources */ = {isa = PBXBuildFile; fileRef = 84EC59781AFC0E35001FEAD4 /* EventTableViewCell.xib */; };
		84EC597C1AFC290F001FEAD4 /* Bolts.framework in Frameworks */ = {isa = PBXBuildFile; fileRef = 84EC597B1AFC290F001FEAD4 /* Bolts.framework */; };
		84EC597E1AFC2917001FEAD4 /* Parse.framework in Frameworks */ = {isa = PBXBuildFile; fileRef = 84EC597D1AFC2917001FEAD4 /* Parse.framework */; };
		84EC59821AFC29A1001FEAD4 /* AudioToolbox.framework in Frameworks */ = {isa = PBXBuildFile; fileRef = 84EC59811AFC29A1001FEAD4 /* AudioToolbox.framework */; };
		84EC59841AFC29AC001FEAD4 /* CFNetwork.framework in Frameworks */ = {isa = PBXBuildFile; fileRef = 84EC59831AFC29AC001FEAD4 /* CFNetwork.framework */; };
		84EC59861AFC29B4001FEAD4 /* CoreGraphics.framework in Frameworks */ = {isa = PBXBuildFile; fileRef = 84EC59851AFC29B4001FEAD4 /* CoreGraphics.framework */; };
		84EC59881AFC29BC001FEAD4 /* CoreLocation.framework in Frameworks */ = {isa = PBXBuildFile; fileRef = 84EC59871AFC29BC001FEAD4 /* CoreLocation.framework */; };
		84EC598A1AFC29C5001FEAD4 /* MobileCoreServices.framework in Frameworks */ = {isa = PBXBuildFile; fileRef = 84EC59891AFC29C5001FEAD4 /* MobileCoreServices.framework */; };
		84EC598C1AFC29CD001FEAD4 /* QuartzCore.framework in Frameworks */ = {isa = PBXBuildFile; fileRef = 84EC598B1AFC29CD001FEAD4 /* QuartzCore.framework */; };
		84EC598E1AFC29D4001FEAD4 /* Security.framework in Frameworks */ = {isa = PBXBuildFile; fileRef = 84EC598D1AFC29D4001FEAD4 /* Security.framework */; };
		84EC59901AFC29DA001FEAD4 /* StoreKit.framework in Frameworks */ = {isa = PBXBuildFile; fileRef = 84EC598F1AFC29DA001FEAD4 /* StoreKit.framework */; };
		84EC59921AFC29E2001FEAD4 /* SystemConfiguration.framework in Frameworks */ = {isa = PBXBuildFile; fileRef = 84EC59911AFC29E2001FEAD4 /* SystemConfiguration.framework */; };
		84EC59941AFC29E9001FEAD4 /* libz.dylib in Frameworks */ = {isa = PBXBuildFile; fileRef = 84EC59931AFC29E9001FEAD4 /* libz.dylib */; };
		84EC59961AFC29F0001FEAD4 /* libsqlite3.dylib in Frameworks */ = {isa = PBXBuildFile; fileRef = 84EC59951AFC29F0001FEAD4 /* libsqlite3.dylib */; };
		84EC59981AFC29F9001FEAD4 /* Accounts.framework in Frameworks */ = {isa = PBXBuildFile; fileRef = 84EC59971AFC29F9001FEAD4 /* Accounts.framework */; };
		84EC599A1AFC29FD001FEAD4 /* Social.framework in Frameworks */ = {isa = PBXBuildFile; fileRef = 84EC59991AFC29FD001FEAD4 /* Social.framework */; };
		F1F5B989E61D25B022D6FD22 /* libPods.a in Frameworks */ = {isa = PBXBuildFile; fileRef = FEDEECF24843165DDBDA645E /* libPods.a */; };
/* End PBXBuildFile section */

/* Begin PBXContainerItemProxy section */
		84EC59541AFBFD97001FEAD4 /* PBXContainerItemProxy */ = {
			isa = PBXContainerItemProxy;
			containerPortal = 84EC59321AFBFD96001FEAD4 /* Project object */;
			proxyType = 1;
			remoteGlobalIDString = 84EC59391AFBFD96001FEAD4;
			remoteInfo = "Tuple-V2";
		};
/* End PBXContainerItemProxy section */

/* Begin PBXFileReference section */
		0B3880835A6C3EAFBCDA34D9 /* libPods-Tuple-V2.a */ = {isa = PBXFileReference; explicitFileType = archive.ar; includeInIndex = 0; path = "libPods-Tuple-V2.a"; sourceTree = BUILT_PRODUCTS_DIR; };
		84EC593A1AFBFD96001FEAD4 /* Tuple-V2.app */ = {isa = PBXFileReference; explicitFileType = wrapper.application; includeInIndex = 0; path = "Tuple-V2.app"; sourceTree = BUILT_PRODUCTS_DIR; };
		84EC593E1AFBFD96001FEAD4 /* Info.plist */ = {isa = PBXFileReference; lastKnownFileType = text.plist.xml; path = Info.plist; sourceTree = "<group>"; };
		84EC593F1AFBFD96001FEAD4 /* main.m */ = {isa = PBXFileReference; lastKnownFileType = sourcecode.c.objc; path = main.m; sourceTree = "<group>"; };
		84EC59411AFBFD96001FEAD4 /* AppDelegate.h */ = {isa = PBXFileReference; lastKnownFileType = sourcecode.c.h; path = AppDelegate.h; sourceTree = "<group>"; };
		84EC59421AFBFD96001FEAD4 /* AppDelegate.m */ = {isa = PBXFileReference; lastKnownFileType = sourcecode.c.objc; path = AppDelegate.m; sourceTree = "<group>"; };
		84EC594A1AFBFD96001FEAD4 /* Images.xcassets */ = {isa = PBXFileReference; lastKnownFileType = folder.assetcatalog; path = Images.xcassets; sourceTree = "<group>"; };
		84EC59531AFBFD97001FEAD4 /* Tuple-V2Tests.xctest */ = {isa = PBXFileReference; explicitFileType = wrapper.cfbundle; includeInIndex = 0; path = "Tuple-V2Tests.xctest"; sourceTree = BUILT_PRODUCTS_DIR; };
		84EC59581AFBFD97001FEAD4 /* Info.plist */ = {isa = PBXFileReference; lastKnownFileType = text.plist.xml; path = Info.plist; sourceTree = "<group>"; };
		84EC59591AFBFD97001FEAD4 /* Tuple_V2Tests.m */ = {isa = PBXFileReference; lastKnownFileType = sourcecode.c.objc; path = Tuple_V2Tests.m; sourceTree = "<group>"; };
		84EC59631AFBFE9C001FEAD4 /* IntroViewController.h */ = {isa = PBXFileReference; fileEncoding = 4; lastKnownFileType = sourcecode.c.h; path = IntroViewController.h; sourceTree = "<group>"; };
		84EC59641AFBFE9C001FEAD4 /* IntroViewController.m */ = {isa = PBXFileReference; fileEncoding = 4; lastKnownFileType = sourcecode.c.objc; path = IntroViewController.m; sourceTree = "<group>"; };
		84EC59651AFBFE9C001FEAD4 /* IntroViewController.xib */ = {isa = PBXFileReference; fileEncoding = 4; lastKnownFileType = file.xib; path = IntroViewController.xib; sourceTree = "<group>"; };
		84EC59681AFC01E7001FEAD4 /* CreateEventViewController.h */ = {isa = PBXFileReference; fileEncoding = 4; lastKnownFileType = sourcecode.c.h; path = CreateEventViewController.h; sourceTree = "<group>"; };
		84EC59691AFC01E7001FEAD4 /* CreateEventViewController.m */ = {isa = PBXFileReference; fileEncoding = 4; lastKnownFileType = sourcecode.c.objc; path = CreateEventViewController.m; sourceTree = "<group>"; };
		84EC596A1AFC01E7001FEAD4 /* CreateEventViewController.xib */ = {isa = PBXFileReference; fileEncoding = 4; lastKnownFileType = file.xib; path = CreateEventViewController.xib; sourceTree = "<group>"; };
		84EC59701AFC08AA001FEAD4 /* EventFeedViewController.h */ = {isa = PBXFileReference; fileEncoding = 4; lastKnownFileType = sourcecode.c.h; path = EventFeedViewController.h; sourceTree = "<group>"; };
		84EC59711AFC08AA001FEAD4 /* EventFeedViewController.m */ = {isa = PBXFileReference; fileEncoding = 4; lastKnownFileType = sourcecode.c.objc; path = EventFeedViewController.m; sourceTree = "<group>"; };
		84EC59721AFC08AA001FEAD4 /* EventFeedViewController.xib */ = {isa = PBXFileReference; fileEncoding = 4; lastKnownFileType = file.xib; path = EventFeedViewController.xib; sourceTree = "<group>"; };
		84EC59761AFC0E35001FEAD4 /* EventTableViewCell.h */ = {isa = PBXFileReference; fileEncoding = 4; lastKnownFileType = sourcecode.c.h; path = EventTableViewCell.h; sourceTree = "<group>"; };
		84EC59771AFC0E35001FEAD4 /* EventTableViewCell.m */ = {isa = PBXFileReference; fileEncoding = 4; lastKnownFileType = sourcecode.c.objc; path = EventTableViewCell.m; sourceTree = "<group>"; };
		84EC59781AFC0E35001FEAD4 /* EventTableViewCell.xib */ = {isa = PBXFileReference; fileEncoding = 4; lastKnownFileType = file.xib; path = EventTableViewCell.xib; sourceTree = "<group>"; };
		84EC597B1AFC290F001FEAD4 /* Bolts.framework */ = {isa = PBXFileReference; lastKnownFileType = wrapper.framework; path = Bolts.framework; sourceTree = "<group>"; };
		84EC597D1AFC2917001FEAD4 /* Parse.framework */ = {isa = PBXFileReference; lastKnownFileType = wrapper.framework; path = Parse.framework; sourceTree = "<group>"; };
		84EC597F1AFC292C001FEAD4 /* ParseFacebookUtilsV4.framework */ = {isa = PBXFileReference; lastKnownFileType = wrapper.framework; path = ParseFacebookUtilsV4.framework; sourceTree = "<group>"; };
		84EC59811AFC29A1001FEAD4 /* AudioToolbox.framework */ = {isa = PBXFileReference; lastKnownFileType = wrapper.framework; name = AudioToolbox.framework; path = System/Library/Frameworks/AudioToolbox.framework; sourceTree = SDKROOT; };
		84EC59831AFC29AC001FEAD4 /* CFNetwork.framework */ = {isa = PBXFileReference; lastKnownFileType = wrapper.framework; name = CFNetwork.framework; path = System/Library/Frameworks/CFNetwork.framework; sourceTree = SDKROOT; };
		84EC59851AFC29B4001FEAD4 /* CoreGraphics.framework */ = {isa = PBXFileReference; lastKnownFileType = wrapper.framework; name = CoreGraphics.framework; path = System/Library/Frameworks/CoreGraphics.framework; sourceTree = SDKROOT; };
		84EC59871AFC29BC001FEAD4 /* CoreLocation.framework */ = {isa = PBXFileReference; lastKnownFileType = wrapper.framework; name = CoreLocation.framework; path = System/Library/Frameworks/CoreLocation.framework; sourceTree = SDKROOT; };
		84EC59891AFC29C5001FEAD4 /* MobileCoreServices.framework */ = {isa = PBXFileReference; lastKnownFileType = wrapper.framework; name = MobileCoreServices.framework; path = System/Library/Frameworks/MobileCoreServices.framework; sourceTree = SDKROOT; };
		84EC598B1AFC29CD001FEAD4 /* QuartzCore.framework */ = {isa = PBXFileReference; lastKnownFileType = wrapper.framework; name = QuartzCore.framework; path = System/Library/Frameworks/QuartzCore.framework; sourceTree = SDKROOT; };
		84EC598D1AFC29D4001FEAD4 /* Security.framework */ = {isa = PBXFileReference; lastKnownFileType = wrapper.framework; name = Security.framework; path = System/Library/Frameworks/Security.framework; sourceTree = SDKROOT; };
		84EC598F1AFC29DA001FEAD4 /* StoreKit.framework */ = {isa = PBXFileReference; lastKnownFileType = wrapper.framework; name = StoreKit.framework; path = System/Library/Frameworks/StoreKit.framework; sourceTree = SDKROOT; };
		84EC59911AFC29E2001FEAD4 /* SystemConfiguration.framework */ = {isa = PBXFileReference; lastKnownFileType = wrapper.framework; name = SystemConfiguration.framework; path = System/Library/Frameworks/SystemConfiguration.framework; sourceTree = SDKROOT; };
		84EC59931AFC29E9001FEAD4 /* libz.dylib */ = {isa = PBXFileReference; lastKnownFileType = "compiled.mach-o.dylib"; name = libz.dylib; path = usr/lib/libz.dylib; sourceTree = SDKROOT; };
		84EC59951AFC29F0001FEAD4 /* libsqlite3.dylib */ = {isa = PBXFileReference; lastKnownFileType = "compiled.mach-o.dylib"; name = libsqlite3.dylib; path = usr/lib/libsqlite3.dylib; sourceTree = SDKROOT; };
		84EC59971AFC29F9001FEAD4 /* Accounts.framework */ = {isa = PBXFileReference; lastKnownFileType = wrapper.framework; name = Accounts.framework; path = System/Library/Frameworks/Accounts.framework; sourceTree = SDKROOT; };
		84EC59991AFC29FD001FEAD4 /* Social.framework */ = {isa = PBXFileReference; lastKnownFileType = wrapper.framework; name = Social.framework; path = System/Library/Frameworks/Social.framework; sourceTree = SDKROOT; };
		D07CC3D32717AC4A2CDE84A2 /* Pods-Tuple-V2.release.xcconfig */ = {isa = PBXFileReference; includeInIndex = 1; lastKnownFileType = text.xcconfig; name = "Pods-Tuple-V2.release.xcconfig"; path = "Pods/Target Support Files/Pods-Tuple-V2/Pods-Tuple-V2.release.xcconfig"; sourceTree = "<group>"; };
		F38FC173A186958872284195 /* Pods-Tuple-V2.debug.xcconfig */ = {isa = PBXFileReference; includeInIndex = 1; lastKnownFileType = text.xcconfig; name = "Pods-Tuple-V2.debug.xcconfig"; path = "Pods/Target Support Files/Pods-Tuple-V2/Pods-Tuple-V2.debug.xcconfig"; sourceTree = "<group>"; };
		FEDEECF24843165DDBDA645E /* libPods.a */ = {isa = PBXFileReference; explicitFileType = archive.ar; includeInIndex = 0; path = libPods.a; sourceTree = BUILT_PRODUCTS_DIR; };
/* End PBXFileReference section */

/* Begin PBXFrameworksBuildPhase section */
		84EC59371AFBFD96001FEAD4 /* Frameworks */ = {
			isa = PBXFrameworksBuildPhase;
			buildActionMask = 2147483647;
			files = (
				84EC599A1AFC29FD001FEAD4 /* Social.framework in Frameworks */,
				84EC59981AFC29F9001FEAD4 /* Accounts.framework in Frameworks */,
				84EC59961AFC29F0001FEAD4 /* libsqlite3.dylib in Frameworks */,
				84EC59941AFC29E9001FEAD4 /* libz.dylib in Frameworks */,
				84EC59921AFC29E2001FEAD4 /* SystemConfiguration.framework in Frameworks */,
				84EC59901AFC29DA001FEAD4 /* StoreKit.framework in Frameworks */,
				84EC598E1AFC29D4001FEAD4 /* Security.framework in Frameworks */,
				84EC598C1AFC29CD001FEAD4 /* QuartzCore.framework in Frameworks */,
				84EC598A1AFC29C5001FEAD4 /* MobileCoreServices.framework in Frameworks */,
				84EC59881AFC29BC001FEAD4 /* CoreLocation.framework in Frameworks */,
				84EC59861AFC29B4001FEAD4 /* CoreGraphics.framework in Frameworks */,
				84EC59841AFC29AC001FEAD4 /* CFNetwork.framework in Frameworks */,
				84EC59821AFC29A1001FEAD4 /* AudioToolbox.framework in Frameworks */,
				84EC597C1AFC290F001FEAD4 /* Bolts.framework in Frameworks */,
				23B49F4F09DDA2AEEFA3561C /* libPods-Tuple-V2.a in Frameworks */,
				84EC597E1AFC2917001FEAD4 /* Parse.framework in Frameworks */,
				F1F5B989E61D25B022D6FD22 /* libPods.a in Frameworks */,
			);
			runOnlyForDeploymentPostprocessing = 0;
		};
		84EC59501AFBFD97001FEAD4 /* Frameworks */ = {
			isa = PBXFrameworksBuildPhase;
			buildActionMask = 2147483647;
			files = (
			);
			runOnlyForDeploymentPostprocessing = 0;
		};
/* End PBXFrameworksBuildPhase section */

/* Begin PBXGroup section */
		2BC83DD6703A179617B88E55 /* Frameworks */ = {
			isa = PBXGroup;
			children = (
				84EC59991AFC29FD001FEAD4 /* Social.framework */,
				84EC59971AFC29F9001FEAD4 /* Accounts.framework */,
				84EC59951AFC29F0001FEAD4 /* libsqlite3.dylib */,
				84EC59931AFC29E9001FEAD4 /* libz.dylib */,
				84EC59911AFC29E2001FEAD4 /* SystemConfiguration.framework */,
				84EC598F1AFC29DA001FEAD4 /* StoreKit.framework */,
				84EC598D1AFC29D4001FEAD4 /* Security.framework */,
				84EC598B1AFC29CD001FEAD4 /* QuartzCore.framework */,
				84EC59891AFC29C5001FEAD4 /* MobileCoreServices.framework */,
				84EC59871AFC29BC001FEAD4 /* CoreLocation.framework */,
				84EC59851AFC29B4001FEAD4 /* CoreGraphics.framework */,
				84EC59831AFC29AC001FEAD4 /* CFNetwork.framework */,
				84EC59811AFC29A1001FEAD4 /* AudioToolbox.framework */,
				84EC597F1AFC292C001FEAD4 /* ParseFacebookUtilsV4.framework */,
				84EC597D1AFC2917001FEAD4 /* Parse.framework */,
				84EC597B1AFC290F001FEAD4 /* Bolts.framework */,
				0B3880835A6C3EAFBCDA34D9 /* libPods-Tuple-V2.a */,
				FEDEECF24843165DDBDA645E /* libPods.a */,
			);
			name = Frameworks;
			sourceTree = "<group>";
		};
		84EC59311AFBFD96001FEAD4 = {
			isa = PBXGroup;
			children = (
				84EC593C1AFBFD96001FEAD4 /* Tuple-V2 */,
				84EC59561AFBFD97001FEAD4 /* Tuple-V2Tests */,
				84EC593B1AFBFD96001FEAD4 /* Products */,
				D2C3644BA42C4477010BB943 /* Pods */,
				2BC83DD6703A179617B88E55 /* Frameworks */,
			);
			sourceTree = "<group>";
		};
		84EC593B1AFBFD96001FEAD4 /* Products */ = {
			isa = PBXGroup;
			children = (
				84EC593A1AFBFD96001FEAD4 /* Tuple-V2.app */,
				84EC59531AFBFD97001FEAD4 /* Tuple-V2Tests.xctest */,
			);
			name = Products;
			sourceTree = "<group>";
		};
		84EC593C1AFBFD96001FEAD4 /* Tuple-V2 */ = {
			isa = PBXGroup;
			children = (
				84EC599B1AFC2B24001FEAD4 /* CallToActionInterface */,
				84EC59411AFBFD96001FEAD4 /* AppDelegate.h */,
				84EC59421AFBFD96001FEAD4 /* AppDelegate.m */,
				84EC596D1AFC0866001FEAD4 /* IntroInterface */,
				84EC596E1AFC0877001FEAD4 /* CreateInterface */,
				84EC596F1AFC088B001FEAD4 /* EventFeedInterface */,
				84EC594A1AFBFD96001FEAD4 /* Images.xcassets */,
				84EC593D1AFBFD96001FEAD4 /* Supporting Files */,
			);
			path = "Tuple-V2";
			sourceTree = "<group>";
		};
		84EC593D1AFBFD96001FEAD4 /* Supporting Files */ = {
			isa = PBXGroup;
			children = (
				84EC593E1AFBFD96001FEAD4 /* Info.plist */,
				84EC593F1AFBFD96001FEAD4 /* main.m */,
			);
			name = "Supporting Files";
			sourceTree = "<group>";
		};
		84EC59561AFBFD97001FEAD4 /* Tuple-V2Tests */ = {
			isa = PBXGroup;
			children = (
				84EC59591AFBFD97001FEAD4 /* Tuple_V2Tests.m */,
				84EC59571AFBFD97001FEAD4 /* Supporting Files */,
			);
			path = "Tuple-V2Tests";
			sourceTree = "<group>";
		};
		84EC59571AFBFD97001FEAD4 /* Supporting Files */ = {
			isa = PBXGroup;
			children = (
				84EC59581AFBFD97001FEAD4 /* Info.plist */,
			);
			name = "Supporting Files";
			sourceTree = "<group>";
		};
		84EC596D1AFC0866001FEAD4 /* IntroInterface */ = {
			isa = PBXGroup;
			children = (
				84EC59631AFBFE9C001FEAD4 /* IntroViewController.h */,
				84EC59641AFBFE9C001FEAD4 /* IntroViewController.m */,
				84EC59651AFBFE9C001FEAD4 /* IntroViewController.xib */,
			);
			name = IntroInterface;
			sourceTree = "<group>";
		};
		84EC596E1AFC0877001FEAD4 /* CreateInterface */ = {
			isa = PBXGroup;
			children = (
				84EC59681AFC01E7001FEAD4 /* CreateEventViewController.h */,
				84EC59691AFC01E7001FEAD4 /* CreateEventViewController.m */,
				84EC596A1AFC01E7001FEAD4 /* CreateEventViewController.xib */,
			);
			name = CreateInterface;
			sourceTree = "<group>";
		};
		84EC596F1AFC088B001FEAD4 /* EventFeedInterface */ = {
			isa = PBXGroup;
			children = (
				84EC59751AFC0E19001FEAD4 /* CellInterface */,
				84EC59701AFC08AA001FEAD4 /* EventFeedViewController.h */,
				84EC59711AFC08AA001FEAD4 /* EventFeedViewController.m */,
				84EC59721AFC08AA001FEAD4 /* EventFeedViewController.xib */,
			);
			name = EventFeedInterface;
			sourceTree = "<group>";
		};
		84EC59751AFC0E19001FEAD4 /* CellInterface */ = {
			isa = PBXGroup;
			children = (
				84EC59761AFC0E35001FEAD4 /* EventTableViewCell.h */,
				84EC59771AFC0E35001FEAD4 /* EventTableViewCell.m */,
				84EC59781AFC0E35001FEAD4 /* EventTableViewCell.xib */,
			);
			name = CellInterface;
			sourceTree = "<group>";
		};
		84EC599B1AFC2B24001FEAD4 /* CallToActionInterface */ = {
			isa = PBXGroup;
			children = (
			);
			name = CallToActionInterface;
			sourceTree = "<group>";
		};
		D2C3644BA42C4477010BB943 /* Pods */ = {
			isa = PBXGroup;
			children = (
				F38FC173A186958872284195 /* Pods-Tuple-V2.debug.xcconfig */,
				D07CC3D32717AC4A2CDE84A2 /* Pods-Tuple-V2.release.xcconfig */,
			);
			name = Pods;
			sourceTree = "<group>";
		};
/* End PBXGroup section */

/* Begin PBXNativeTarget section */
		84EC59391AFBFD96001FEAD4 /* Tuple-V2 */ = {
			isa = PBXNativeTarget;
			buildConfigurationList = 84EC595D1AFBFD97001FEAD4 /* Build configuration list for PBXNativeTarget "Tuple-V2" */;
			buildPhases = (
				707A1773BBD125590937CE03 /* Check Pods Manifest.lock */,
				84EC59361AFBFD96001FEAD4 /* Sources */,
				84EC59371AFBFD96001FEAD4 /* Frameworks */,
				84EC59381AFBFD96001FEAD4 /* Resources */,
				A4F7B8B03867AAF8D47D587F /* Copy Pods Resources */,
			);
			buildRules = (
			);
			dependencies = (
			);
			name = "Tuple-V2";
			productName = "Tuple-V2";
			productReference = 84EC593A1AFBFD96001FEAD4 /* Tuple-V2.app */;
			productType = "com.apple.product-type.application";
		};
		84EC59521AFBFD97001FEAD4 /* Tuple-V2Tests */ = {
			isa = PBXNativeTarget;
			buildConfigurationList = 84EC59601AFBFD97001FEAD4 /* Build configuration list for PBXNativeTarget "Tuple-V2Tests" */;
			buildPhases = (
				84EC594F1AFBFD97001FEAD4 /* Sources */,
				84EC59501AFBFD97001FEAD4 /* Frameworks */,
				84EC59511AFBFD97001FEAD4 /* Resources */,
			);
			buildRules = (
			);
			dependencies = (
				84EC59551AFBFD97001FEAD4 /* PBXTargetDependency */,
			);
			name = "Tuple-V2Tests";
			productName = "Tuple-V2Tests";
			productReference = 84EC59531AFBFD97001FEAD4 /* Tuple-V2Tests.xctest */;
			productType = "com.apple.product-type.bundle.unit-test";
		};
/* End PBXNativeTarget section */

/* Begin PBXProject section */
		84EC59321AFBFD96001FEAD4 /* Project object */ = {
			isa = PBXProject;
			attributes = {
				LastUpgradeCheck = 0620;
				ORGANIZATIONNAME = "William Gu";
				TargetAttributes = {
					84EC59391AFBFD96001FEAD4 = {
						CreatedOnToolsVersion = 6.2;
					};
					84EC59521AFBFD97001FEAD4 = {
						CreatedOnToolsVersion = 6.2;
						TestTargetID = 84EC59391AFBFD96001FEAD4;
					};
				};
			};
			buildConfigurationList = 84EC59351AFBFD96001FEAD4 /* Build configuration list for PBXProject "Tuple-V2" */;
			compatibilityVersion = "Xcode 3.2";
			developmentRegion = English;
			hasScannedForEncodings = 0;
			knownRegions = (
				en,
				Base,
			);
			mainGroup = 84EC59311AFBFD96001FEAD4;
			productRefGroup = 84EC593B1AFBFD96001FEAD4 /* Products */;
			projectDirPath = "";
			projectRoot = "";
			targets = (
				84EC59391AFBFD96001FEAD4 /* Tuple-V2 */,
				84EC59521AFBFD97001FEAD4 /* Tuple-V2Tests */,
			);
		};
/* End PBXProject section */

/* Begin PBXResourcesBuildPhase section */
		84EC59381AFBFD96001FEAD4 /* Resources */ = {
			isa = PBXResourcesBuildPhase;
			buildActionMask = 2147483647;
			files = (
				84EC597A1AFC0E35001FEAD4 /* EventTableViewCell.xib in Resources */,
				84EC594B1AFBFD96001FEAD4 /* Images.xcassets in Resources */,
				84EC59741AFC08AA001FEAD4 /* EventFeedViewController.xib in Resources */,
				84EC596C1AFC01E7001FEAD4 /* CreateEventViewController.xib in Resources */,
				84EC59671AFBFE9C001FEAD4 /* IntroViewController.xib in Resources */,
			);
			runOnlyForDeploymentPostprocessing = 0;
		};
		84EC59511AFBFD97001FEAD4 /* Resources */ = {
			isa = PBXResourcesBuildPhase;
			buildActionMask = 2147483647;
			files = (
			);
			runOnlyForDeploymentPostprocessing = 0;
		};
/* End PBXResourcesBuildPhase section */

/* Begin PBXShellScriptBuildPhase section */
		707A1773BBD125590937CE03 /* Check Pods Manifest.lock */ = {
			isa = PBXShellScriptBuildPhase;
			buildActionMask = 2147483647;
			files = (
			);
			inputPaths = (
			);
			name = "Check Pods Manifest.lock";
			outputPaths = (
			);
			runOnlyForDeploymentPostprocessing = 0;
			shellPath = /bin/sh;
			shellScript = "diff \"${PODS_ROOT}/../Podfile.lock\" \"${PODS_ROOT}/Manifest.lock\" > /dev/null\nif [[ $? != 0 ]] ; then\n    cat << EOM\nerror: The sandbox is not in sync with the Podfile.lock. Run 'pod install' or update your CocoaPods installation.\nEOM\n    exit 1\nfi\n";
			showEnvVarsInLog = 0;
		};
		A4F7B8B03867AAF8D47D587F /* Copy Pods Resources */ = {
			isa = PBXShellScriptBuildPhase;
			buildActionMask = 2147483647;
			files = (
			);
			inputPaths = (
			);
			name = "Copy Pods Resources";
			outputPaths = (
			);
			runOnlyForDeploymentPostprocessing = 0;
			shellPath = /bin/sh;
			shellScript = "\"${SRCROOT}/Pods/Target Support Files/Pods-Tuple-V2/Pods-Tuple-V2-resources.sh\"\n";
			showEnvVarsInLog = 0;
		};
/* End PBXShellScriptBuildPhase section */

/* Begin PBXSourcesBuildPhase section */
		84EC59361AFBFD96001FEAD4 /* Sources */ = {
			isa = PBXSourcesBuildPhase;
			buildActionMask = 2147483647;
			files = (
				84EC59731AFC08AA001FEAD4 /* EventFeedViewController.m in Sources */,
				84EC59431AFBFD96001FEAD4 /* AppDelegate.m in Sources */,
				84EC59791AFC0E35001FEAD4 /* EventTableViewCell.m in Sources */,
				84EC59661AFBFE9C001FEAD4 /* IntroViewController.m in Sources */,
				84EC59401AFBFD96001FEAD4 /* main.m in Sources */,
				84EC596B1AFC01E7001FEAD4 /* CreateEventViewController.m in Sources */,
			);
			runOnlyForDeploymentPostprocessing = 0;
		};
		84EC594F1AFBFD97001FEAD4 /* Sources */ = {
			isa = PBXSourcesBuildPhase;
			buildActionMask = 2147483647;
			files = (
				84EC595A1AFBFD97001FEAD4 /* Tuple_V2Tests.m in Sources */,
			);
			runOnlyForDeploymentPostprocessing = 0;
		};
/* End PBXSourcesBuildPhase section */

/* Begin PBXTargetDependency section */
		84EC59551AFBFD97001FEAD4 /* PBXTargetDependency */ = {
			isa = PBXTargetDependency;
			target = 84EC59391AFBFD96001FEAD4 /* Tuple-V2 */;
			targetProxy = 84EC59541AFBFD97001FEAD4 /* PBXContainerItemProxy */;
		};
/* End PBXTargetDependency section */

/* Begin XCBuildConfiguration section */
		84EC595B1AFBFD97001FEAD4 /* Debug */ = {
			isa = XCBuildConfiguration;
			buildSettings = {
				ALWAYS_SEARCH_USER_PATHS = NO;
				CLANG_CXX_LANGUAGE_STANDARD = "gnu++0x";
				CLANG_CXX_LIBRARY = "libc++";
				CLANG_ENABLE_MODULES = YES;
				CLANG_ENABLE_OBJC_ARC = YES;
				CLANG_WARN_BOOL_CONVERSION = YES;
				CLANG_WARN_CONSTANT_CONVERSION = YES;
				CLANG_WARN_DIRECT_OBJC_ISA_USAGE = YES_ERROR;
				CLANG_WARN_EMPTY_BODY = YES;
				CLANG_WARN_ENUM_CONVERSION = YES;
				CLANG_WARN_INT_CONVERSION = YES;
				CLANG_WARN_OBJC_ROOT_CLASS = YES_ERROR;
				CLANG_WARN_UNREACHABLE_CODE = YES;
				CLANG_WARN__DUPLICATE_METHOD_MATCH = YES;
				"CODE_SIGN_IDENTITY[sdk=iphoneos*]" = "iPhone Developer";
				COPY_PHASE_STRIP = NO;
				ENABLE_STRICT_OBJC_MSGSEND = YES;
				GCC_C_LANGUAGE_STANDARD = gnu99;
				GCC_DYNAMIC_NO_PIC = NO;
				GCC_OPTIMIZATION_LEVEL = 0;
				GCC_PREPROCESSOR_DEFINITIONS = (
					"DEBUG=1",
					"$(inherited)",
				);
				GCC_SYMBOLS_PRIVATE_EXTERN = NO;
				GCC_WARN_64_TO_32_BIT_CONVERSION = YES;
				GCC_WARN_ABOUT_RETURN_TYPE = YES_ERROR;
				GCC_WARN_UNDECLARED_SELECTOR = YES;
				GCC_WARN_UNINITIALIZED_AUTOS = YES_AGGRESSIVE;
				GCC_WARN_UNUSED_FUNCTION = YES;
				GCC_WARN_UNUSED_VARIABLE = YES;
				IPHONEOS_DEPLOYMENT_TARGET = 8.2;
				MTL_ENABLE_DEBUG_INFO = YES;
				ONLY_ACTIVE_ARCH = YES;
				SDKROOT = iphoneos;
			};
			name = Debug;
		};
		84EC595C1AFBFD97001FEAD4 /* Release */ = {
			isa = XCBuildConfiguration;
			buildSettings = {
				ALWAYS_SEARCH_USER_PATHS = NO;
				CLANG_CXX_LANGUAGE_STANDARD = "gnu++0x";
				CLANG_CXX_LIBRARY = "libc++";
				CLANG_ENABLE_MODULES = YES;
				CLANG_ENABLE_OBJC_ARC = YES;
				CLANG_WARN_BOOL_CONVERSION = YES;
				CLANG_WARN_CONSTANT_CONVERSION = YES;
				CLANG_WARN_DIRECT_OBJC_ISA_USAGE = YES_ERROR;
				CLANG_WARN_EMPTY_BODY = YES;
				CLANG_WARN_ENUM_CONVERSION = YES;
				CLANG_WARN_INT_CONVERSION = YES;
				CLANG_WARN_OBJC_ROOT_CLASS = YES_ERROR;
				CLANG_WARN_UNREACHABLE_CODE = YES;
				CLANG_WARN__DUPLICATE_METHOD_MATCH = YES;
				"CODE_SIGN_IDENTITY[sdk=iphoneos*]" = "iPhone Developer";
				COPY_PHASE_STRIP = NO;
				ENABLE_NS_ASSERTIONS = NO;
				ENABLE_STRICT_OBJC_MSGSEND = YES;
				GCC_C_LANGUAGE_STANDARD = gnu99;
				GCC_WARN_64_TO_32_BIT_CONVERSION = YES;
				GCC_WARN_ABOUT_RETURN_TYPE = YES_ERROR;
				GCC_WARN_UNDECLARED_SELECTOR = YES;
				GCC_WARN_UNINITIALIZED_AUTOS = YES_AGGRESSIVE;
				GCC_WARN_UNUSED_FUNCTION = YES;
				GCC_WARN_UNUSED_VARIABLE = YES;
				IPHONEOS_DEPLOYMENT_TARGET = 8.2;
				MTL_ENABLE_DEBUG_INFO = NO;
				SDKROOT = iphoneos;
				VALIDATE_PRODUCT = YES;
			};
			name = Release;
		};
		84EC595E1AFBFD97001FEAD4 /* Debug */ = {
			isa = XCBuildConfiguration;
			baseConfigurationReference = F38FC173A186958872284195 /* Pods-Tuple-V2.debug.xcconfig */;
			buildSettings = {
				ASSETCATALOG_COMPILER_APPICON_NAME = AppIcon;
				ASSETCATALOG_COMPILER_LAUNCHIMAGE_NAME = LaunchImage;
				FRAMEWORK_SEARCH_PATHS = (
					"$(inherited)",
					"$(PROJECT_DIR)",
				);
				INFOPLIST_FILE = "Tuple-V2/Info.plist";
				IPHONEOS_DEPLOYMENT_TARGET = 7.0;
				LD_RUNPATH_SEARCH_PATHS = "$(inherited) @executable_path/Frameworks";
				PRODUCT_NAME = "$(TARGET_NAME)";
			};
			name = Debug;
		};
		84EC595F1AFBFD97001FEAD4 /* Release */ = {
			isa = XCBuildConfiguration;
			baseConfigurationReference = D07CC3D32717AC4A2CDE84A2 /* Pods-Tuple-V2.release.xcconfig */;
			buildSettings = {
				ASSETCATALOG_COMPILER_APPICON_NAME = AppIcon;
				ASSETCATALOG_COMPILER_LAUNCHIMAGE_NAME = LaunchImage;
				FRAMEWORK_SEARCH_PATHS = (
					"$(inherited)",
					"$(PROJECT_DIR)",
				);
				INFOPLIST_FILE = "Tuple-V2/Info.plist";
				IPHONEOS_DEPLOYMENT_TARGET = 7.0;
				LD_RUNPATH_SEARCH_PATHS = "$(inherited) @executable_path/Frameworks";
				PRODUCT_NAME = "$(TARGET_NAME)";
			};
			name = Release;
		};
		84EC59611AFBFD97001FEAD4 /* Debug */ = {
			isa = XCBuildConfiguration;
			buildSettings = {
				BUNDLE_LOADER = "$(TEST_HOST)";
				FRAMEWORK_SEARCH_PATHS = (
					"$(SDKROOT)/Developer/Library/Frameworks",
					"$(inherited)",
				);
				GCC_PREPROCESSOR_DEFINITIONS = (
					"DEBUG=1",
					"$(inherited)",
				);
				INFOPLIST_FILE = "Tuple-V2Tests/Info.plist";
				LD_RUNPATH_SEARCH_PATHS = "$(inherited) @executable_path/Frameworks @loader_path/Frameworks";
				PRODUCT_NAME = "$(TARGET_NAME)";
				TEST_HOST = "$(BUILT_PRODUCTS_DIR)/Tuple-V2.app/Tuple-V2";
			};
			name = Debug;
		};
		84EC59621AFBFD97001FEAD4 /* Release */ = {
			isa = XCBuildConfiguration;
			buildSettings = {
				BUNDLE_LOADER = "$(TEST_HOST)";
				FRAMEWORK_SEARCH_PATHS = (
					"$(SDKROOT)/Developer/Library/Frameworks",
					"$(inherited)",
				);
				INFOPLIST_FILE = "Tuple-V2Tests/Info.plist";
				LD_RUNPATH_SEARCH_PATHS = "$(inherited) @executable_path/Frameworks @loader_path/Frameworks";
				PRODUCT_NAME = "$(TARGET_NAME)";
				TEST_HOST = "$(BUILT_PRODUCTS_DIR)/Tuple-V2.app/Tuple-V2";
			};
			name = Release;
		};
/* End XCBuildConfiguration section */

/* Begin XCConfigurationList section */
		84EC59351AFBFD96001FEAD4 /* Build configuration list for PBXProject "Tuple-V2" */ = {
			isa = XCConfigurationList;
			buildConfigurations = (
				84EC595B1AFBFD97001FEAD4 /* Debug */,
				84EC595C1AFBFD97001FEAD4 /* Release */,
			);
			defaultConfigurationIsVisible = 0;
			defaultConfigurationName = Release;
		};
		84EC595D1AFBFD97001FEAD4 /* Build configuration list for PBXNativeTarget "Tuple-V2" */ = {
			isa = XCConfigurationList;
			buildConfigurations = (
				84EC595E1AFBFD97001FEAD4 /* Debug */,
				84EC595F1AFBFD97001FEAD4 /* Release */,
			);
			defaultConfigurationIsVisible = 0;
			defaultConfigurationName = Release;
		};
		84EC59601AFBFD97001FEAD4 /* Build configuration list for PBXNativeTarget "Tuple-V2Tests" */ = {
			isa = XCConfigurationList;
			buildConfigurations = (
				84EC59611AFBFD97001FEAD4 /* Debug */,
				84EC59621AFBFD97001FEAD4 /* Release */,
			);
			defaultConfigurationIsVisible = 0;
			defaultConfigurationName = Release;
		};
/* End XCConfigurationList section */
	};
	rootObject = 84EC59321AFBFD96001FEAD4 /* Project object */;
}
